// !$*UTF8*$!
{
	archiveVersion = 1;
	classes = {
	};
	objectVersion = 46;
	objects = {

/* Begin PBXBuildFile section */
		712F059E88698CED9B196AEE /* libPods.a in Frameworks */ = {isa = PBXBuildFile; fileRef = 13AD414CB3B117EA43AB66E8 /* libPods.a */; };
		B1250A871B2CD1B700AAB9FC /* POITableViewCell.m in Sources */ = {isa = PBXBuildFile; fileRef = B1250A861B2CD1B700AAB9FC /* POITableViewCell.m */; };
		B142C7F41B33BECE002E01B4 /* AnnotationWebViewController.m in Sources */ = {isa = PBXBuildFile; fileRef = B142C7F31B33BECE002E01B4 /* AnnotationWebViewController.m */; };
		B156A3A01B2555DB000529AD /* main.m in Sources */ = {isa = PBXBuildFile; fileRef = B156A39F1B2555DB000529AD /* main.m */; };
		B156A3A31B2555DB000529AD /* AppDelegate.m in Sources */ = {isa = PBXBuildFile; fileRef = B156A3A21B2555DB000529AD /* AppDelegate.m */; };
		B156A3A61B2555DB000529AD /* MapViewController.m in Sources */ = {isa = PBXBuildFile; fileRef = B156A3A51B2555DB000529AD /* MapViewController.m */; };
		B156A3AB1B2555DB000529AD /* Images.xcassets in Resources */ = {isa = PBXBuildFile; fileRef = B156A3AA1B2555DB000529AD /* Images.xcassets */; };
		B156A3AE1B2555DB000529AD /* LaunchScreen.xib in Resources */ = {isa = PBXBuildFile; fileRef = B156A3AC1B2555DB000529AD /* LaunchScreen.xib */; };
		B156A3BA1B2555DB000529AD /* MuttroTests.m in Sources */ = {isa = PBXBuildFile; fileRef = B156A3B91B2555DB000529AD /* MuttroTests.m */; };
		B16278E01B26004000097734 /* MapKit.framework in Frameworks */ = {isa = PBXBuildFile; fileRef = B16278DC1B25FDE200097734 /* MapKit.framework */; };
		B162E1BB1B2AAB5900918DF9 /* FavoritesButton.m in Sources */ = {isa = PBXBuildFile; fileRef = B162E1BA1B2AAB5900918DF9 /* FavoritesButton.m */; };
		B162E1BE1B2B853D00918DF9 /* CalloutAnnotationView.m in Sources */ = {isa = PBXBuildFile; fileRef = B162E1BD1B2B853D00918DF9 /* CalloutAnnotationView.m */; };
		B16C9D461B2790A400BA1B97 /* ListTableViewController.m in Sources */ = {isa = PBXBuildFile; fileRef = B16C9D451B2790A400BA1B97 /* ListTableViewController.m */; };
		B19155141B263AE60089B717 /* DataSource.m in Sources */ = {isa = PBXBuildFile; fileRef = B19155131B263AE60089B717 /* DataSource.m */; };
		B1AA4E9D1B320CB90050E57C /* QuickSearchToolbar.m in Sources */ = {isa = PBXBuildFile; fileRef = B1AA4E9C1B320CB90050E57C /* QuickSearchToolbar.m */; };
		B1B3D2CB1B28991600E2A567 /* SearchAnnotation.m in Sources */ = {isa = PBXBuildFile; fileRef = B1B3D2CA1B28991600E2A567 /* SearchAnnotation.m */; };
		B1B3D2D11B28B63F00E2A567 /* CalloutAnnotation.m in Sources */ = {isa = PBXBuildFile; fileRef = B1B3D2D01B28B63F00E2A567 /* CalloutAnnotation.m */; };
		B1E653461B2627CB0008B3DC /* CoreLocation.framework in Frameworks */ = {isa = PBXBuildFile; fileRef = B16278DE1B25FEE400097734 /* CoreLocation.framework */; };
/* End PBXBuildFile section */

/* Begin PBXContainerItemProxy section */
		B156A3B41B2555DB000529AD /* PBXContainerItemProxy */ = {
			isa = PBXContainerItemProxy;
			containerPortal = B156A3921B2555DB000529AD /* Project object */;
			proxyType = 1;
			remoteGlobalIDString = B156A3991B2555DB000529AD;
			remoteInfo = Muttro;
		};
/* End PBXContainerItemProxy section */

/* Begin PBXFileReference section */
		0324D37D15087BECCC9D6AA5 /* Pods.debug.xcconfig */ = {isa = PBXFileReference; includeInIndex = 1; lastKnownFileType = text.xcconfig; name = Pods.debug.xcconfig; path = "Pods/Target Support Files/Pods/Pods.debug.xcconfig"; sourceTree = "<group>"; };
		13AD414CB3B117EA43AB66E8 /* libPods.a */ = {isa = PBXFileReference; explicitFileType = archive.ar; includeInIndex = 0; path = libPods.a; sourceTree = BUILT_PRODUCTS_DIR; };
		A5FC62240C85BC10A8DB7558 /* Pods.release.xcconfig */ = {isa = PBXFileReference; includeInIndex = 1; lastKnownFileType = text.xcconfig; name = Pods.release.xcconfig; path = "Pods/Target Support Files/Pods/Pods.release.xcconfig"; sourceTree = "<group>"; };
		B1250A851B2CD1B700AAB9FC /* POITableViewCell.h */ = {isa = PBXFileReference; fileEncoding = 4; lastKnownFileType = sourcecode.c.h; path = POITableViewCell.h; sourceTree = "<group>"; };
		B1250A861B2CD1B700AAB9FC /* POITableViewCell.m */ = {isa = PBXFileReference; fileEncoding = 4; lastKnownFileType = sourcecode.c.objc; path = POITableViewCell.m; sourceTree = "<group>"; };
		B142C7F21B33BECE002E01B4 /* AnnotationWebViewController.h */ = {isa = PBXFileReference; fileEncoding = 4; lastKnownFileType = sourcecode.c.h; path = AnnotationWebViewController.h; sourceTree = "<group>"; };
		B142C7F31B33BECE002E01B4 /* AnnotationWebViewController.m */ = {isa = PBXFileReference; fileEncoding = 4; lastKnownFileType = sourcecode.c.objc; path = AnnotationWebViewController.m; sourceTree = "<group>"; };
		B156A39A1B2555DB000529AD /* Muttro.app */ = {isa = PBXFileReference; explicitFileType = wrapper.application; includeInIndex = 0; path = Muttro.app; sourceTree = BUILT_PRODUCTS_DIR; };
		B156A39E1B2555DB000529AD /* Info.plist */ = {isa = PBXFileReference; lastKnownFileType = text.plist.xml; path = Info.plist; sourceTree = "<group>"; };
		B156A39F1B2555DB000529AD /* main.m */ = {isa = PBXFileReference; lastKnownFileType = sourcecode.c.objc; path = main.m; sourceTree = "<group>"; };
		B156A3A11B2555DB000529AD /* AppDelegate.h */ = {isa = PBXFileReference; lastKnownFileType = sourcecode.c.h; path = AppDelegate.h; sourceTree = "<group>"; };
		B156A3A21B2555DB000529AD /* AppDelegate.m */ = {isa = PBXFileReference; lastKnownFileType = sourcecode.c.objc; path = AppDelegate.m; sourceTree = "<group>"; };
		B156A3A41B2555DB000529AD /* MapViewController.h */ = {isa = PBXFileReference; lastKnownFileType = sourcecode.c.h; path = MapViewController.h; sourceTree = "<group>"; };
		B156A3A51B2555DB000529AD /* MapViewController.m */ = {isa = PBXFileReference; lastKnownFileType = sourcecode.c.objc; path = MapViewController.m; sourceTree = "<group>"; };
		B156A3AA1B2555DB000529AD /* Images.xcassets */ = {isa = PBXFileReference; lastKnownFileType = folder.assetcatalog; path = Images.xcassets; sourceTree = "<group>"; };
		B156A3AD1B2555DB000529AD /* Base */ = {isa = PBXFileReference; lastKnownFileType = file.xib; name = Base; path = Base.lproj/LaunchScreen.xib; sourceTree = "<group>"; };
		B156A3B31B2555DB000529AD /* MuttroTests.xctest */ = {isa = PBXFileReference; explicitFileType = wrapper.cfbundle; includeInIndex = 0; path = MuttroTests.xctest; sourceTree = BUILT_PRODUCTS_DIR; };
		B156A3B81B2555DB000529AD /* Info.plist */ = {isa = PBXFileReference; lastKnownFileType = text.plist.xml; path = Info.plist; sourceTree = "<group>"; };
		B156A3B91B2555DB000529AD /* MuttroTests.m */ = {isa = PBXFileReference; lastKnownFileType = sourcecode.c.objc; path = MuttroTests.m; sourceTree = "<group>"; };
		B16278DC1B25FDE200097734 /* MapKit.framework */ = {isa = PBXFileReference; lastKnownFileType = wrapper.framework; name = MapKit.framework; path = System/Library/Frameworks/MapKit.framework; sourceTree = SDKROOT; };
		B16278DE1B25FEE400097734 /* CoreLocation.framework */ = {isa = PBXFileReference; lastKnownFileType = wrapper.framework; name = CoreLocation.framework; path = System/Library/Frameworks/CoreLocation.framework; sourceTree = SDKROOT; };
		B162E1B91B2AAB5900918DF9 /* FavoritesButton.h */ = {isa = PBXFileReference; fileEncoding = 4; lastKnownFileType = sourcecode.c.h; path = FavoritesButton.h; sourceTree = "<group>"; };
		B162E1BA1B2AAB5900918DF9 /* FavoritesButton.m */ = {isa = PBXFileReference; fileEncoding = 4; lastKnownFileType = sourcecode.c.objc; path = FavoritesButton.m; sourceTree = "<group>"; };
		B162E1BC1B2B853D00918DF9 /* CalloutAnnotationView.h */ = {isa = PBXFileReference; fileEncoding = 4; lastKnownFileType = sourcecode.c.h; path = CalloutAnnotationView.h; sourceTree = "<group>"; };
		B162E1BD1B2B853D00918DF9 /* CalloutAnnotationView.m */ = {isa = PBXFileReference; fileEncoding = 4; lastKnownFileType = sourcecode.c.objc; path = CalloutAnnotationView.m; sourceTree = "<group>"; };
		B16C9D441B2790A400BA1B97 /* ListTableViewController.h */ = {isa = PBXFileReference; fileEncoding = 4; lastKnownFileType = sourcecode.c.h; path = ListTableViewController.h; sourceTree = "<group>"; };
		B16C9D451B2790A400BA1B97 /* ListTableViewController.m */ = {isa = PBXFileReference; fileEncoding = 4; lastKnownFileType = sourcecode.c.objc; path = ListTableViewController.m; sourceTree = "<group>"; };
		B19155121B263AE60089B717 /* DataSource.h */ = {isa = PBXFileReference; fileEncoding = 4; lastKnownFileType = sourcecode.c.h; path = DataSource.h; sourceTree = "<group>"; };
		B19155131B263AE60089B717 /* DataSource.m */ = {isa = PBXFileReference; fileEncoding = 4; lastKnownFileType = sourcecode.c.objc; path = DataSource.m; sourceTree = "<group>"; };
		B1AA4E9B1B320CB90050E57C /* QuickSearchToolbar.h */ = {isa = PBXFileReference; fileEncoding = 4; lastKnownFileType = sourcecode.c.h; path = QuickSearchToolbar.h; sourceTree = "<group>"; };
		B1AA4E9C1B320CB90050E57C /* QuickSearchToolbar.m */ = {isa = PBXFileReference; fileEncoding = 4; lastKnownFileType = sourcecode.c.objc; path = QuickSearchToolbar.m; sourceTree = "<group>"; };
		B1B3D2C91B28991600E2A567 /* SearchAnnotation.h */ = {isa = PBXFileReference; fileEncoding = 4; lastKnownFileType = sourcecode.c.h; path = SearchAnnotation.h; sourceTree = "<group>"; };
		B1B3D2CA1B28991600E2A567 /* SearchAnnotation.m */ = {isa = PBXFileReference; fileEncoding = 4; lastKnownFileType = sourcecode.c.objc; path = SearchAnnotation.m; sourceTree = "<group>"; };
		B1B3D2CF1B28B63F00E2A567 /* CalloutAnnotation.h */ = {isa = PBXFileReference; fileEncoding = 4; lastKnownFileType = sourcecode.c.h; path = CalloutAnnotation.h; sourceTree = "<group>"; };
		B1B3D2D01B28B63F00E2A567 /* CalloutAnnotation.m */ = {isa = PBXFileReference; fileEncoding = 4; lastKnownFileType = sourcecode.c.objc; path = CalloutAnnotation.m; sourceTree = "<group>"; };
/* End PBXFileReference section */

/* Begin PBXFrameworksBuildPhase section */
		B156A3971B2555DB000529AD /* Frameworks */ = {
			isa = PBXFrameworksBuildPhase;
			buildActionMask = 2147483647;
			files = (
				B1E653461B2627CB0008B3DC /* CoreLocation.framework in Frameworks */,
				B16278E01B26004000097734 /* MapKit.framework in Frameworks */,
				712F059E88698CED9B196AEE /* libPods.a in Frameworks */,
			);
			runOnlyForDeploymentPostprocessing = 0;
		};
		B156A3B01B2555DB000529AD /* Frameworks */ = {
			isa = PBXFrameworksBuildPhase;
			buildActionMask = 2147483647;
			files = (
			);
			runOnlyForDeploymentPostprocessing = 0;
		};
/* End PBXFrameworksBuildPhase section */

/* Begin PBXGroup section */
		3313B6A7CFFA2AAD63F1B74B /* Frameworks */ = {
			isa = PBXGroup;
			children = (
				B16278DE1B25FEE400097734 /* CoreLocation.framework */,
				B16278DC1B25FDE200097734 /* MapKit.framework */,
				13AD414CB3B117EA43AB66E8 /* libPods.a */,
			);
			name = Frameworks;
			sourceTree = "<group>";
		};
		333E4BE18C7D955BB9D9D28A /* Pods */ = {
			isa = PBXGroup;
			children = (
				0324D37D15087BECCC9D6AA5 /* Pods.debug.xcconfig */,
				A5FC62240C85BC10A8DB7558 /* Pods.release.xcconfig */,
			);
			name = Pods;
			sourceTree = "<group>";
		};
		B156A3911B2555DB000529AD = {
			isa = PBXGroup;
			children = (
				B156A39C1B2555DB000529AD /* Muttro */,
				B156A3B61B2555DB000529AD /* MuttroTests */,
				B156A39B1B2555DB000529AD /* Products */,
				333E4BE18C7D955BB9D9D28A /* Pods */,
				3313B6A7CFFA2AAD63F1B74B /* Frameworks */,
			);
			sourceTree = "<group>";
		};
		B156A39B1B2555DB000529AD /* Products */ = {
			isa = PBXGroup;
			children = (
				B156A39A1B2555DB000529AD /* Muttro.app */,
				B156A3B31B2555DB000529AD /* MuttroTests.xctest */,
			);
			name = Products;
			sourceTree = "<group>";
		};
		B156A39C1B2555DB000529AD /* Muttro */ = {
			isa = PBXGroup;
			children = (
				B19155121B263AE60089B717 /* DataSource.h */,
				B19155131B263AE60089B717 /* DataSource.m */,
				B1B3D2C91B28991600E2A567 /* SearchAnnotation.h */,
				B1B3D2CA1B28991600E2A567 /* SearchAnnotation.m */,
				B1B3D2CF1B28B63F00E2A567 /* CalloutAnnotation.h */,
				B1B3D2D01B28B63F00E2A567 /* CalloutAnnotation.m */,
				B162E1BC1B2B853D00918DF9 /* CalloutAnnotationView.h */,
				B162E1BD1B2B853D00918DF9 /* CalloutAnnotationView.m */,
				B162E1B91B2AAB5900918DF9 /* FavoritesButton.h */,
				B162E1BA1B2AAB5900918DF9 /* FavoritesButton.m */,
				B156A3A11B2555DB000529AD /* AppDelegate.h */,
				B156A3A21B2555DB000529AD /* AppDelegate.m */,
				B142C7F21B33BECE002E01B4 /* AnnotationWebViewController.h */,
				B142C7F31B33BECE002E01B4 /* AnnotationWebViewController.m */,
				B156A3A41B2555DB000529AD /* MapViewController.h */,
				B156A3A51B2555DB000529AD /* MapViewController.m */,
				B1AA4E9B1B320CB90050E57C /* QuickSearchToolbar.h */,
				B1AA4E9C1B320CB90050E57C /* QuickSearchToolbar.m */,
				B16C9D441B2790A400BA1B97 /* ListTableViewController.h */,
				B16C9D451B2790A400BA1B97 /* ListTableViewController.m */,
				B1250A851B2CD1B700AAB9FC /* POITableViewCell.h */,
				B1250A861B2CD1B700AAB9FC /* POITableViewCell.m */,
				B156A3AA1B2555DB000529AD /* Images.xcassets */,
				B156A3AC1B2555DB000529AD /* LaunchScreen.xib */,
				B156A39D1B2555DB000529AD /* Supporting Files */,
			);
			path = Muttro;
			sourceTree = "<group>";
		};
		B156A39D1B2555DB000529AD /* Supporting Files */ = {
			isa = PBXGroup;
			children = (
				B156A39E1B2555DB000529AD /* Info.plist */,
				B156A39F1B2555DB000529AD /* main.m */,
			);
			name = "Supporting Files";
			sourceTree = "<group>";
		};
		B156A3B61B2555DB000529AD /* MuttroTests */ = {
			isa = PBXGroup;
			children = (
				B156A3B91B2555DB000529AD /* MuttroTests.m */,
				B156A3B71B2555DB000529AD /* Supporting Files */,
			);
			path = MuttroTests;
			sourceTree = "<group>";
		};
		B156A3B71B2555DB000529AD /* Supporting Files */ = {
			isa = PBXGroup;
			children = (
				B156A3B81B2555DB000529AD /* Info.plist */,
			);
			name = "Supporting Files";
			sourceTree = "<group>";
		};
/* End PBXGroup section */

/* Begin PBXNativeTarget section */
		B156A3991B2555DB000529AD /* Muttro */ = {
			isa = PBXNativeTarget;
			buildConfigurationList = B156A3BD1B2555DB000529AD /* Build configuration list for PBXNativeTarget "Muttro" */;
			buildPhases = (
				1A99D948984C77D9C89DA976 /* Check Pods Manifest.lock */,
				B156A3961B2555DB000529AD /* Sources */,
				B156A3971B2555DB000529AD /* Frameworks */,
				B156A3981B2555DB000529AD /* Resources */,
				62A18D1D9253EE77EB427C63 /* Copy Pods Resources */,
			);
			buildRules = (
			);
			dependencies = (
			);
			name = Muttro;
			productName = Muttro;
			productReference = B156A39A1B2555DB000529AD /* Muttro.app */;
			productType = "com.apple.product-type.application";
		};
		B156A3B21B2555DB000529AD /* MuttroTests */ = {
			isa = PBXNativeTarget;
			buildConfigurationList = B156A3C01B2555DB000529AD /* Build configuration list for PBXNativeTarget "MuttroTests" */;
			buildPhases = (
				B156A3AF1B2555DB000529AD /* Sources */,
				B156A3B01B2555DB000529AD /* Frameworks */,
				B156A3B11B2555DB000529AD /* Resources */,
			);
			buildRules = (
			);
			dependencies = (
				B156A3B51B2555DB000529AD /* PBXTargetDependency */,
			);
			name = MuttroTests;
			productName = MuttroTests;
			productReference = B156A3B31B2555DB000529AD /* MuttroTests.xctest */;
			productType = "com.apple.product-type.bundle.unit-test";
		};
/* End PBXNativeTarget section */

/* Begin PBXProject section */
		B156A3921B2555DB000529AD /* Project object */ = {
			isa = PBXProject;
			attributes = {
				LastUpgradeCheck = 0630;
				ORGANIZATIONNAME = "Trevor Vieweg";
				TargetAttributes = {
					B156A3991B2555DB000529AD = {
						CreatedOnToolsVersion = 6.3.1;
						SystemCapabilities = {
							com.apple.Maps.iOS = {
								enabled = 1;
							};
						};
					};
					B156A3B21B2555DB000529AD = {
						CreatedOnToolsVersion = 6.3.1;
						TestTargetID = B156A3991B2555DB000529AD;
					};
				};
			};
			buildConfigurationList = B156A3951B2555DB000529AD /* Build configuration list for PBXProject "Muttro" */;
			compatibilityVersion = "Xcode 3.2";
			developmentRegion = English;
			hasScannedForEncodings = 0;
			knownRegions = (
				en,
				Base,
			);
			mainGroup = B156A3911B2555DB000529AD;
			productRefGroup = B156A39B1B2555DB000529AD /* Products */;
			projectDirPath = "";
			projectRoot = "";
			targets = (
				B156A3991B2555DB000529AD /* Muttro */,
				B156A3B21B2555DB000529AD /* MuttroTests */,
			);
		};
/* End PBXProject section */

/* Begin PBXResourcesBuildPhase section */
		B156A3981B2555DB000529AD /* Resources */ = {
			isa = PBXResourcesBuildPhase;
			buildActionMask = 2147483647;
			files = (
				B156A3AE1B2555DB000529AD /* LaunchScreen.xib in Resources */,
				B156A3AB1B2555DB000529AD /* Images.xcassets in Resources */,
			);
			runOnlyForDeploymentPostprocessing = 0;
		};
		B156A3B11B2555DB000529AD /* Resources */ = {
			isa = PBXResourcesBuildPhase;
			buildActionMask = 2147483647;
			files = (
			);
			runOnlyForDeploymentPostprocessing = 0;
		};
/* End PBXResourcesBuildPhase section */

/* Begin PBXShellScriptBuildPhase section */
		1A99D948984C77D9C89DA976 /* Check Pods Manifest.lock */ = {
			isa = PBXShellScriptBuildPhase;
			buildActionMask = 2147483647;
			files = (
			);
			inputPaths = (
			);
			name = "Check Pods Manifest.lock";
			outputPaths = (
			);
			runOnlyForDeploymentPostprocessing = 0;
			shellPath = /bin/sh;
			shellScript = "diff \"${PODS_ROOT}/../Podfile.lock\" \"${PODS_ROOT}/Manifest.lock\" > /dev/null\nif [[ $? != 0 ]] ; then\n    cat << EOM\nerror: The sandbox is not in sync with the Podfile.lock. Run 'pod install' or update your CocoaPods installation.\nEOM\n    exit 1\nfi\n";
			showEnvVarsInLog = 0;
		};
		62A18D1D9253EE77EB427C63 /* Copy Pods Resources */ = {
			isa = PBXShellScriptBuildPhase;
			buildActionMask = 2147483647;
			files = (
			);
			inputPaths = (
			);
			name = "Copy Pods Resources";
			outputPaths = (
			);
			runOnlyForDeploymentPostprocessing = 0;
			shellPath = /bin/sh;
			shellScript = "\"${SRCROOT}/Pods/Target Support Files/Pods/Pods-resources.sh\"\n";
			showEnvVarsInLog = 0;
		};
/* End PBXShellScriptBuildPhase section */

/* Begin PBXSourcesBuildPhase section */
		B156A3961B2555DB000529AD /* Sources */ = {
			isa = PBXSourcesBuildPhase;
			buildActionMask = 2147483647;
			files = (
				B1250A871B2CD1B700AAB9FC /* POITableViewCell.m in Sources */,
				B1B3D2CB1B28991600E2A567 /* SearchAnnotation.m in Sources */,
				B1B3D2D11B28B63F00E2A567 /* CalloutAnnotation.m in Sources */,
				B156A3A61B2555DB000529AD /* MapViewController.m in Sources */,
				B142C7F41B33BECE002E01B4 /* AnnotationWebViewController.m in Sources */,
				B162E1BE1B2B853D00918DF9 /* CalloutAnnotationView.m in Sources */,
				B162E1BB1B2AAB5900918DF9 /* FavoritesButton.m in Sources */,
				B156A3A31B2555DB000529AD /* AppDelegate.m in Sources */,
				B19155141B263AE60089B717 /* DataSource.m in Sources */,
				B1AA4E9D1B320CB90050E57C /* QuickSearchToolbar.m in Sources */,
				B156A3A01B2555DB000529AD /* main.m in Sources */,
				B16C9D461B2790A400BA1B97 /* ListTableViewController.m in Sources */,
			);
			runOnlyForDeploymentPostprocessing = 0;
		};
		B156A3AF1B2555DB000529AD /* Sources */ = {
			isa = PBXSourcesBuildPhase;
			buildActionMask = 2147483647;
			files = (
				B156A3BA1B2555DB000529AD /* MuttroTests.m in Sources */,
			);
			runOnlyForDeploymentPostprocessing = 0;
		};
/* End PBXSourcesBuildPhase section */

/* Begin PBXTargetDependency section */
		B156A3B51B2555DB000529AD /* PBXTargetDependency */ = {
			isa = PBXTargetDependency;
			target = B156A3991B2555DB000529AD /* Muttro */;
			targetProxy = B156A3B41B2555DB000529AD /* PBXContainerItemProxy */;
		};
/* End PBXTargetDependency section */

/* Begin PBXVariantGroup section */
		B156A3AC1B2555DB000529AD /* LaunchScreen.xib */ = {
			isa = PBXVariantGroup;
			children = (
				B156A3AD1B2555DB000529AD /* Base */,
			);
			name = LaunchScreen.xib;
			sourceTree = "<group>";
		};
/* End PBXVariantGroup section */

/* Begin XCBuildConfiguration section */
		B156A3BB1B2555DB000529AD /* Debug */ = {
			isa = XCBuildConfiguration;
			buildSettings = {
				ALWAYS_SEARCH_USER_PATHS = NO;
				CLANG_CXX_LANGUAGE_STANDARD = "gnu++0x";
				CLANG_CXX_LIBRARY = "libc++";
				CLANG_ENABLE_MODULES = YES;
				CLANG_ENABLE_OBJC_ARC = YES;
				CLANG_WARN_BOOL_CONVERSION = YES;
				CLANG_WARN_CONSTANT_CONVERSION = YES;
				CLANG_WARN_DIRECT_OBJC_ISA_USAGE = YES_ERROR;
				CLANG_WARN_EMPTY_BODY = YES;
				CLANG_WARN_ENUM_CONVERSION = YES;
				CLANG_WARN_INT_CONVERSION = YES;
				CLANG_WARN_OBJC_ROOT_CLASS = YES_ERROR;
				CLANG_WARN_UNREACHABLE_CODE = YES;
				CLANG_WARN__DUPLICATE_METHOD_MATCH = YES;
				"CODE_SIGN_IDENTITY[sdk=iphoneos*]" = "iPhone Developer";
				COPY_PHASE_STRIP = NO;
				DEBUG_INFORMATION_FORMAT = "dwarf-with-dsym";
				ENABLE_STRICT_OBJC_MSGSEND = YES;
				GCC_C_LANGUAGE_STANDARD = gnu99;
				GCC_DYNAMIC_NO_PIC = NO;
				GCC_NO_COMMON_BLOCKS = YES;
				GCC_OPTIMIZATION_LEVEL = 0;
				GCC_PREPROCESSOR_DEFINITIONS = (
					"DEBUG=1",
					"$(inherited)",
				);
				GCC_SYMBOLS_PRIVATE_EXTERN = NO;
				GCC_WARN_64_TO_32_BIT_CONVERSION = YES;
				GCC_WARN_ABOUT_RETURN_TYPE = YES_ERROR;
				GCC_WARN_UNDECLARED_SELECTOR = YES;
				GCC_WARN_UNINITIALIZED_AUTOS = YES_AGGRESSIVE;
				GCC_WARN_UNUSED_FUNCTION = YES;
				GCC_WARN_UNUSED_VARIABLE = YES;
				IPHONEOS_DEPLOYMENT_TARGET = 8.3;
				MTL_ENABLE_DEBUG_INFO = YES;
				ONLY_ACTIVE_ARCH = YES;
				SDKROOT = iphoneos;
				TARGETED_DEVICE_FAMILY = "1,2";
			};
			name = Debug;
		};
		B156A3BC1B2555DB000529AD /* Release */ = {
			isa = XCBuildConfiguration;
			buildSettings = {
				ALWAYS_SEARCH_USER_PATHS = NO;
				CLANG_CXX_LANGUAGE_STANDARD = "gnu++0x";
				CLANG_CXX_LIBRARY = "libc++";
				CLANG_ENABLE_MODULES = YES;
				CLANG_ENABLE_OBJC_ARC = YES;
				CLANG_WARN_BOOL_CONVERSION = YES;
				CLANG_WARN_CONSTANT_CONVERSION = YES;
				CLANG_WARN_DIRECT_OBJC_ISA_USAGE = YES_ERROR;
				CLANG_WARN_EMPTY_BODY = YES;
				CLANG_WARN_ENUM_CONVERSION = YES;
				CLANG_WARN_INT_CONVERSION = YES;
				CLANG_WARN_OBJC_ROOT_CLASS = YES_ERROR;
				CLANG_WARN_UNREACHABLE_CODE = YES;
				CLANG_WARN__DUPLICATE_METHOD_MATCH = YES;
				"CODE_SIGN_IDENTITY[sdk=iphoneos*]" = "iPhone Developer";
				COPY_PHASE_STRIP = NO;
				DEBUG_INFORMATION_FORMAT = "dwarf-with-dsym";
				ENABLE_NS_ASSERTIONS = NO;
				ENABLE_STRICT_OBJC_MSGSEND = YES;
				GCC_C_LANGUAGE_STANDARD = gnu99;
				GCC_NO_COMMON_BLOCKS = YES;
				GCC_WARN_64_TO_32_BIT_CONVERSION = YES;
				GCC_WARN_ABOUT_RETURN_TYPE = YES_ERROR;
				GCC_WARN_UNDECLARED_SELECTOR = YES;
				GCC_WARN_UNINITIALIZED_AUTOS = YES_AGGRESSIVE;
				GCC_WARN_UNUSED_FUNCTION = YES;
				GCC_WARN_UNUSED_VARIABLE = YES;
				IPHONEOS_DEPLOYMENT_TARGET = 8.3;
				MTL_ENABLE_DEBUG_INFO = NO;
				SDKROOT = iphoneos;
				TARGETED_DEVICE_FAMILY = "1,2";
				VALIDATE_PRODUCT = YES;
			};
			name = Release;
		};
		B156A3BE1B2555DB000529AD /* Debug */ = {
			isa = XCBuildConfiguration;
			baseConfigurationReference = 0324D37D15087BECCC9D6AA5 /* Pods.debug.xcconfig */;
			buildSettings = {
				ASSETCATALOG_COMPILER_APPICON_NAME = AppIcon;
				INFOPLIST_FILE = Muttro/Info.plist;
				LD_RUNPATH_SEARCH_PATHS = "$(inherited) @executable_path/Frameworks";
				PRODUCT_NAME = "$(TARGET_NAME)";
			};
			name = Debug;
		};
		B156A3BF1B2555DB000529AD /* Release */ = {
			isa = XCBuildConfiguration;
			baseConfigurationReference = A5FC62240C85BC10A8DB7558 /* Pods.release.xcconfig */;
			buildSettings = {
				ASSETCATALOG_COMPILER_APPICON_NAME = AppIcon;
				INFOPLIST_FILE = Muttro/Info.plist;
				LD_RUNPATH_SEARCH_PATHS = "$(inherited) @executable_path/Frameworks";
				PRODUCT_NAME = "$(TARGET_NAME)";
			};
			name = Release;
		};
		B156A3C11B2555DB000529AD /* Debug */ = {
			isa = XCBuildConfiguration;
			buildSettings = {
				BUNDLE_LOADER = "$(TEST_HOST)";
				FRAMEWORK_SEARCH_PATHS = (
					"$(SDKROOT)/Developer/Library/Frameworks",
					"$(inherited)",
				);
				GCC_PREPROCESSOR_DEFINITIONS = (
					"DEBUG=1",
					"$(inherited)",
				);
				INFOPLIST_FILE = MuttroTests/Info.plist;
				LD_RUNPATH_SEARCH_PATHS = "$(inherited) @executable_path/Frameworks @loader_path/Frameworks";
				PRODUCT_NAME = "$(TARGET_NAME)";
				TEST_HOST = "$(BUILT_PRODUCTS_DIR)/Muttro.app/Muttro";
			};
			name = Debug;
		};
		B156A3C21B2555DB000529AD /* Release */ = {
			isa = XCBuildConfiguration;
			buildSettings = {
				BUNDLE_LOADER = "$(TEST_HOST)";
				FRAMEWORK_SEARCH_PATHS = (
					"$(SDKROOT)/Developer/Library/Frameworks",
					"$(inherited)",
				);
				INFOPLIST_FILE = MuttroTests/Info.plist;
				LD_RUNPATH_SEARCH_PATHS = "$(inherited) @executable_path/Frameworks @loader_path/Frameworks";
				PRODUCT_NAME = "$(TARGET_NAME)";
				TEST_HOST = "$(BUILT_PRODUCTS_DIR)/Muttro.app/Muttro";
			};
			name = Release;
		};
/* End XCBuildConfiguration section */

/* Begin XCConfigurationList section */
		B156A3951B2555DB000529AD /* Build configuration list for PBXProject "Muttro" */ = {
			isa = XCConfigurationList;
			buildConfigurations = (
				B156A3BB1B2555DB000529AD /* Debug */,
				B156A3BC1B2555DB000529AD /* Release */,
			);
			defaultConfigurationIsVisible = 0;
			defaultConfigurationName = Release;
		};
		B156A3BD1B2555DB000529AD /* Build configuration list for PBXNativeTarget "Muttro" */ = {
			isa = XCConfigurationList;
			buildConfigurations = (
				B156A3BE1B2555DB000529AD /* Debug */,
				B156A3BF1B2555DB000529AD /* Release */,
			);
			defaultConfigurationIsVisible = 0;
			defaultConfigurationName = Release;
		};
		B156A3C01B2555DB000529AD /* Build configuration list for PBXNativeTarget "MuttroTests" */ = {
			isa = XCConfigurationList;
			buildConfigurations = (
				B156A3C11B2555DB000529AD /* Debug */,
				B156A3C21B2555DB000529AD /* Release */,
			);
			defaultConfigurationIsVisible = 0;
			defaultConfigurationName = Release;
		};
/* End XCConfigurationList section */
	};
	rootObject = B156A3921B2555DB000529AD /* Project object */;
}
